PODS:
  - SDWebImage (5.13.0):
    - SDWebImage/Core (= 5.13.0)
  - SDWebImage/Core (5.13.0)

DEPENDENCIES:
  - SDWebImage

SPEC REPOS:
  trunk:
    - SDWebImage

SPEC CHECKSUMS:
  SDWebImage: 0327043dbb9533e75f2eff8445b3df0f2ceca6ac

PODFILE CHECKSUM: 6883976436d16a44cc07ce954dda8b6bd823c707

COCOAPODS: 1.11.3
